// !$*UTF8*$!
{
	archiveVersion = 1;
	classes = {
	};
	objectVersion = 50;
	objects = {

/* Begin PBXBuildFile section */
		C387A5EA24EE3B01003581EC /* AppDelegate.swift in Sources */ = {isa = PBXBuildFile; fileRef = C387A5E924EE3B01003581EC /* AppDelegate.swift */; };
		C387A5EC24EE3B01003581EC /* SceneDelegate.swift in Sources */ = {isa = PBXBuildFile; fileRef = C387A5EB24EE3B01003581EC /* SceneDelegate.swift */; };
		C387A5EE24EE3B01003581EC /* ContentView.swift in Sources */ = {isa = PBXBuildFile; fileRef = C387A5ED24EE3B01003581EC /* ContentView.swift */; };
		C387A5F024EE3B02003581EC /* Assets.xcassets in Resources */ = {isa = PBXBuildFile; fileRef = C387A5EF24EE3B02003581EC /* Assets.xcassets */; };
		C387A5F324EE3B02003581EC /* Preview Assets.xcassets in Resources */ = {isa = PBXBuildFile; fileRef = C387A5F224EE3B02003581EC /* Preview Assets.xcassets */; };
		C387A5F624EE3B02003581EC /* LaunchScreen.storyboard in Resources */ = {isa = PBXBuildFile; fileRef = C387A5F424EE3B02003581EC /* LaunchScreen.storyboard */; };
/* End PBXBuildFile section */

/* Begin PBXFileReference section */
		C387A5E624EE3B01003581EC /* Morse Code.app */ = {isa = PBXFileReference; explicitFileType = wrapper.application; includeInIndex = 0; path = "Morse Code.app"; sourceTree = BUILT_PRODUCTS_DIR; };
		C387A5E924EE3B01003581EC /* AppDelegate.swift */ = {isa = PBXFileReference; lastKnownFileType = sourcecode.swift; path = AppDelegate.swift; sourceTree = "<group>"; };
		C387A5EB24EE3B01003581EC /* SceneDelegate.swift */ = {isa = PBXFileReference; lastKnownFileType = sourcecode.swift; path = SceneDelegate.swift; sourceTree = "<group>"; };
		C387A5ED24EE3B01003581EC /* ContentView.swift */ = {isa = PBXFileReference; lastKnownFileType = sourcecode.swift; path = ContentView.swift; sourceTree = "<group>"; };
		C387A5EF24EE3B02003581EC /* Assets.xcassets */ = {isa = PBXFileReference; lastKnownFileType = folder.assetcatalog; path = Assets.xcassets; sourceTree = "<group>"; };
		C387A5F224EE3B02003581EC /* Preview Assets.xcassets */ = {isa = PBXFileReference; lastKnownFileType = folder.assetcatalog; path = "Preview Assets.xcassets"; sourceTree = "<group>"; };
		C387A5F524EE3B02003581EC /* Base */ = {isa = PBXFileReference; lastKnownFileType = file.storyboard; name = Base; path = Base.lproj/LaunchScreen.storyboard; sourceTree = "<group>"; };
		C387A5F724EE3B02003581EC /* Info.plist */ = {isa = PBXFileReference; lastKnownFileType = text.plist.xml; path = Info.plist; sourceTree = "<group>"; };
/* End PBXFileReference section */

/* Begin PBXFrameworksBuildPhase section */
		C387A5E324EE3B01003581EC /* Frameworks */ = {
			isa = PBXFrameworksBuildPhase;
			buildActionMask = 2147483647;
			files = (
			);
			runOnlyForDeploymentPostprocessing = 0;
		};
/* End PBXFrameworksBuildPhase section */

/* Begin PBXGroup section */
		C387A5DD24EE3B01003581EC = {
			isa = PBXGroup;
			children = (
				C387A5E824EE3B01003581EC /* Morse Code */,
				C387A5E724EE3B01003581EC /* Products */,
			);
			sourceTree = "<group>";
		};
		C387A5E724EE3B01003581EC /* Products */ = {
			isa = PBXGroup;
			children = (
				C387A5E624EE3B01003581EC /* Morse Code.app */,
			);
			name = Products;
			sourceTree = "<group>";
		};
		C387A5E824EE3B01003581EC /* Morse Code */ = {
			isa = PBXGroup;
			children = (
				C387A5E924EE3B01003581EC /* AppDelegate.swift */,
				C387A5EB24EE3B01003581EC /* SceneDelegate.swift */,
				C387A5ED24EE3B01003581EC /* ContentView.swift */,
				C387A5EF24EE3B02003581EC /* Assets.xcassets */,
				C387A5F424EE3B02003581EC /* LaunchScreen.storyboard */,
				C387A5F724EE3B02003581EC /* Info.plist */,
				C387A5F124EE3B02003581EC /* Preview Content */,
			);
			path = "Morse Code";
			sourceTree = "<group>";
		};
		C387A5F124EE3B02003581EC /* Preview Content */ = {
			isa = PBXGroup;
			children = (
				C387A5F224EE3B02003581EC /* Preview Assets.xcassets */,
			);
			path = "Preview Content";
			sourceTree = "<group>";
		};
/* End PBXGroup section */

/* Begin PBXNativeTarget section */
		C387A5E524EE3B01003581EC /* Morse Code */ = {
			isa = PBXNativeTarget;
			buildConfigurationList = C387A5FA24EE3B02003581EC /* Build configuration list for PBXNativeTarget "Morse Code" */;
			buildPhases = (
				C387A5E224EE3B01003581EC /* Sources */,
				C387A5E324EE3B01003581EC /* Frameworks */,
				C387A5E424EE3B01003581EC /* Resources */,
			);
			buildRules = (
			);
			dependencies = (
			);
			name = "Morse Code";
			productName = "Morse Code";
			productReference = C387A5E624EE3B01003581EC /* Morse Code.app */;
			productType = "com.apple.product-type.application";
		};
/* End PBXNativeTarget section */

/* Begin PBXProject section */
		C387A5DE24EE3B01003581EC /* Project object */ = {
			isa = PBXProject;
			attributes = {
				LastSwiftUpdateCheck = 1160;
				LastUpgradeCheck = 1160;
				ORGANIZATIONNAME = Asad;
				TargetAttributes = {
					C387A5E524EE3B01003581EC = {
						CreatedOnToolsVersion = 11.6;
					};
				};
			};
			buildConfigurationList = C387A5E124EE3B01003581EC /* Build configuration list for PBXProject "Morse Code" */;
			compatibilityVersion = "Xcode 9.3";
			developmentRegion = en;
			hasScannedForEncodings = 0;
			knownRegions = (
				en,
				Base,
			);
			mainGroup = C387A5DD24EE3B01003581EC;
			productRefGroup = C387A5E724EE3B01003581EC /* Products */;
			projectDirPath = "";
			projectRoot = "";
			targets = (
				C387A5E524EE3B01003581EC /* Morse Code */,
			);
		};
/* End PBXProject section */

/* Begin PBXResourcesBuildPhase section */
		C387A5E424EE3B01003581EC /* Resources */ = {
			isa = PBXResourcesBuildPhase;
			buildActionMask = 2147483647;
			files = (
				C387A5F624EE3B02003581EC /* LaunchScreen.storyboard in Resources */,
				C387A5F324EE3B02003581EC /* Preview Assets.xcassets in Resources */,
				C387A5F024EE3B02003581EC /* Assets.xcassets in Resources */,
			);
			runOnlyForDeploymentPostprocessing = 0;
		};
/* End PBXResourcesBuildPhase section */

/* Begin PBXSourcesBuildPhase section */
		C387A5E224EE3B01003581EC /* Sources */ = {
			isa = PBXSourcesBuildPhase;
			buildActionMask = 2147483647;
			files = (
				C387A5EA24EE3B01003581EC /* AppDelegate.swift in Sources */,
				C387A5EC24EE3B01003581EC /* SceneDelegate.swift in Sources */,
				C387A5EE24EE3B01003581EC /* ContentView.swift in Sources */,
			);
			runOnlyForDeploymentPostprocessing = 0;
		};
/* End PBXSourcesBuildPhase section */

/* Begin PBXVariantGroup section */
		C387A5F424EE3B02003581EC /* LaunchScreen.storyboard */ = {
			isa = PBXVariantGroup;
			children = (
				C387A5F524EE3B02003581EC /* Base */,
			);
			name = LaunchScreen.storyboard;
			sourceTree = "<group>";
		};
/* End PBXVariantGroup section */

/* Begin XCBuildConfiguration section */
		C387A5F824EE3B02003581EC /* Debug */ = {
			isa = XCBuildConfiguration;
			buildSettings = {
				ALWAYS_SEARCH_USER_PATHS = NO;
				CLANG_ANALYZER_NONNULL = YES;
				CLANG_ANALYZER_NUMBER_OBJECT_CONVERSION = YES_AGGRESSIVE;
				CLANG_CXX_LANGUAGE_STANDARD = "gnu++14";
				CLANG_CXX_LIBRARY = "libc++";
				CLANG_ENABLE_MODULES = YES;
				CLANG_ENABLE_OBJC_ARC = YES;
				CLANG_ENABLE_OBJC_WEAK = YES;
				CLANG_WARN_BLOCK_CAPTURE_AUTORELEASING = YES;
				CLANG_WARN_BOOL_CONVERSION = YES;
				CLANG_WARN_COMMA = YES;
				CLANG_WARN_CONSTANT_CONVERSION = YES;
				CLANG_WARN_DEPRECATED_OBJC_IMPLEMENTATIONS = YES;
				CLANG_WARN_DIRECT_OBJC_ISA_USAGE = YES_ERROR;
				CLANG_WARN_DOCUMENTATION_COMMENTS = YES;
				CLANG_WARN_EMPTY_BODY = YES;
				CLANG_WARN_ENUM_CONVERSION = YES;
				CLANG_WARN_INFINITE_RECURSION = YES;
				CLANG_WARN_INT_CONVERSION = YES;
				CLANG_WARN_NON_LITERAL_NULL_CONVERSION = YES;
				CLANG_WARN_OBJC_IMPLICIT_RETAIN_SELF = YES;
				CLANG_WARN_OBJC_LITERAL_CONVERSION = YES;
				CLANG_WARN_OBJC_ROOT_CLASS = YES_ERROR;
				CLANG_WARN_RANGE_LOOP_ANALYSIS = YES;
				CLANG_WARN_STRICT_PROTOTYPES = YES;
				CLANG_WARN_SUSPICIOUS_MOVE = YES;
				CLANG_WARN_UNGUARDED_AVAILABILITY = YES_AGGRESSIVE;
				CLANG_WARN_UNREACHABLE_CODE = YES;
				CLANG_WARN__DUPLICATE_METHOD_MATCH = YES;
				COPY_PHASE_STRIP = NO;
				DEBUG_INFORMATION_FORMAT = dwarf;
				ENABLE_STRICT_OBJC_MSGSEND = YES;
				ENABLE_TESTABILITY = YES;
				GCC_C_LANGUAGE_STANDARD = gnu11;
				GCC_DYNAMIC_NO_PIC = NO;
				GCC_NO_COMMON_BLOCKS = YES;
				GCC_OPTIMIZATION_LEVEL = 0;
				GCC_PREPROCESSOR_DEFINITIONS = (
					"DEBUG=1",
					"$(inherited)",
				);
				GCC_WARN_64_TO_32_BIT_CONVERSION = YES;
				GCC_WARN_ABOUT_RETURN_TYPE = YES_ERROR;
				GCC_WARN_UNDECLARED_SELECTOR = YES;
				GCC_WARN_UNINITIALIZED_AUTOS = YES_AGGRESSIVE;
				GCC_WARN_UNUSED_FUNCTION = YES;
				GCC_WARN_UNUSED_VARIABLE = YES;
				IPHONEOS_DEPLOYMENT_TARGET = 13.6;
				MTL_ENABLE_DEBUG_INFO = INCLUDE_SOURCE;
				MTL_FAST_MATH = YES;
				ONLY_ACTIVE_ARCH = YES;
				SDKROOT = iphoneos;
				SWIFT_ACTIVE_COMPILATION_CONDITIONS = DEBUG;
				SWIFT_OPTIMIZATION_LEVEL = "-Onone";
			};
			name = Debug;
		};
		C387A5F924EE3B02003581EC /* Release */ = {
			isa = XCBuildConfiguration;
			buildSettings = {
				ALWAYS_SEARCH_USER_PATHS = NO;
				CLANG_ANALYZER_NONNULL = YES;
				CLANG_ANALYZER_NUMBER_OBJECT_CONVERSION = YES_AGGRESSIVE;
				CLANG_CXX_LANGUAGE_STANDARD = "gnu++14";
				CLANG_CXX_LIBRARY = "libc++";
				CLANG_ENABLE_MODULES = YES;
				CLANG_ENABLE_OBJC_ARC = YES;
				CLANG_ENABLE_OBJC_WEAK = YES;
				CLANG_WARN_BLOCK_CAPTURE_AUTORELEASING = YES;
				CLANG_WARN_BOOL_CONVERSION = YES;
				CLANG_WARN_COMMA = YES;
				CLANG_WARN_CONSTANT_CONVERSION = YES;
				CLANG_WARN_DEPRECATED_OBJC_IMPLEMENTATIONS = YES;
				CLANG_WARN_DIRECT_OBJC_ISA_USAGE = YES_ERROR;
				CLANG_WARN_DOCUMENTATION_COMMENTS = YES;
				CLANG_WARN_EMPTY_BODY = YES;
				CLANG_WARN_ENUM_CONVERSION = YES;
				CLANG_WARN_INFINITE_RECURSION = YES;
				CLANG_WARN_INT_CONVERSION = YES;
				CLANG_WARN_NON_LITERAL_NULL_CONVERSION = YES;
				CLANG_WARN_OBJC_IMPLICIT_RETAIN_SELF = YES;
				CLANG_WARN_OBJC_LITERAL_CONVERSION = YES;
				CLANG_WARN_OBJC_ROOT_CLASS = YES_ERROR;
				CLANG_WARN_RANGE_LOOP_ANALYSIS = YES;
				CLANG_WARN_STRICT_PROTOTYPES = YES;
				CLANG_WARN_SUSPICIOUS_MOVE = YES;
				CLANG_WARN_UNGUARDED_AVAILABILITY = YES_AGGRESSIVE;
				CLANG_WARN_UNREACHABLE_CODE = YES;
				CLANG_WARN__DUPLICATE_METHOD_MATCH = YES;
				COPY_PHASE_STRIP = NO;
				DEBUG_INFORMATION_FORMAT = "dwarf-with-dsym";
				ENABLE_NS_ASSERTIONS = NO;
				ENABLE_STRICT_OBJC_MSGSEND = YES;
				GCC_C_LANGUAGE_STANDARD = gnu11;
				GCC_NO_COMMON_BLOCKS = YES;
				GCC_WARN_64_TO_32_BIT_CONVERSION = YES;
				GCC_WARN_ABOUT_RETURN_TYPE = YES_ERROR;
				GCC_WARN_UNDECLARED_SELECTOR = YES;
				GCC_WARN_UNINITIALIZED_AUTOS = YES_AGGRESSIVE;
				GCC_WARN_UNUSED_FUNCTION = YES;
				GCC_WARN_UNUSED_VARIABLE = YES;
				IPHONEOS_DEPLOYMENT_TARGET = 13.6;
				MTL_ENABLE_DEBUG_INFO = NO;
				MTL_FAST_MATH = YES;
				SDKROOT = iphoneos;
				SWIFT_COMPILATION_MODE = wholemodule;
				SWIFT_OPTIMIZATION_LEVEL = "-O";
				VALIDATE_PRODUCT = YES;
			};
			name = Release;
		};
		C387A5FB24EE3B02003581EC /* Debug */ = {
			isa = XCBuildConfiguration;
			buildSettings = {
				ASSETCATALOG_COMPILER_APPICON_NAME = AppIcon;
				CODE_SIGN_STYLE = Automatic;
				DEVELOPMENT_ASSET_PATHS = "\"Morse Code/Preview Content\"";
				DEVELOPMENT_TEAM = CQZU37S3DP;
				ENABLE_PREVIEWS = YES;
				INFOPLIST_FILE = "Morse Code/Info.plist";
				LD_RUNPATH_SEARCH_PATHS = (
					"$(inherited)",
					"@executable_path/Frameworks",
				);
				PRODUCT_BUNDLE_IDENTIFIER = "com.asad.Morse-Code";
				PRODUCT_NAME = "$(TARGET_NAME)";
				SWIFT_VERSION = 5.0;
				TARGETED_DEVICE_FAMILY = "1,2";
			};
			name = Debug;
		};
		C387A5FC24EE3B02003581EC /* Release */ = {
			isa = XCBuildConfiguration;
			buildSettings = {
				ASSETCATALOG_COMPILER_APPICON_NAME = AppIcon;
				CODE_SIGN_STYLE = Automatic;
				DEVELOPMENT_ASSET_PATHS = "\"Morse Code/Preview Content\"";
				DEVELOPMENT_TEAM = CQZU37S3DP;
				ENABLE_PREVIEWS = YES;
				INFOPLIST_FILE = "Morse Code/Info.plist";
				LD_RUNPATH_SEARCH_PATHS = (
					"$(inherited)",
					"@executable_path/Frameworks",
				);
				PRODUCT_BUNDLE_IDENTIFIER = "com.asad.Morse-Code";
				PRODUCT_NAME = "$(TARGET_NAME)";
				SWIFT_VERSION = 5.0;
				TARGETED_DEVICE_FAMILY = "1,2";
			};
			name = Release;
		};
/* End XCBuildConfiguration section */

/* Begin XCConfigurationList section */
		C387A5E124EE3B01003581EC /* Build configuration list for PBXProject "Morse Code" */ = {
			isa = XCConfigurationList;
			buildConfigurations = (
				C387A5F824EE3B02003581EC /* Debug */,
				C387A5F924EE3B02003581EC /* Release */,
			);
			defaultConfigurationIsVisible = 0;
			defaultConfigurationName = Release;
		};
		C387A5FA24EE3B02003581EC /* Build configuration list for PBXNativeTarget "Morse Code" */ = {
			isa = XCConfigurationList;
			buildConfigurations = (
				C387A5FB24EE3B02003581EC /* Debug */,
				C387A5FC24EE3B02003581EC /* Release */,
			);
			defaultConfigurationIsVisible = 0;
			defaultConfigurationName = Release;
		};
/* End XCConfigurationList section */
	};
	rootObject = C387A5DE24EE3B01003581EC /* Project object */;
}
